
Microsoft Visual Studio Solution File, Format Version 12.00
# Visual Studio 15
VisualStudioVersion = 15.0.27130.2036
MinimumVisualStudioVersion = 10.0.40219.1
Project("{FAE04EC0-301F-11D3-BF4B-00C04F79EFBC}") = "WebApp", "WebApp\WebApp.csproj", "{689006A2-E59B-4937-B057-68B64B28BA4D}"
EndProject
Global
	GlobalSection(SolutionConfigurationPlatforms) = preSolution
		Debug|Any CPU = Debug|Any CPU
		Release|Any CPU = Release|Any CPU
	EndGlobalSection
	GlobalSection(ProjectConfigurationPlatforms) = postSolution
		{689006A2-E59B-4937-B057-68B64B28BA4D}.Debug|Any CPU.ActiveCfg = Debug|Any CPU
		{689006A2-E59B-4937-B057-68B64B28BA4D}.Debug|Any CPU.Build.0 = Debug|Any CPU
		{689006A2-E59B-4937-B057-68B64B28BA4D}.Release|Any CPU.ActiveCfg = Release|Any CPU
		{689006A2-E59B-4937-B057-68B64B28BA4D}.Release|Any CPU.Build.0 = Release|Any CPU
	EndGlobalSection
	GlobalSection(SolutionProperties) = preSolution
		HideSolutionNode = FALSE
	EndGlobalSection
	GlobalSection(ExtensibilityGlobals) = postSolution
		SolutionGuid = {F96EB020-66F1-4FDF-80F3-62633AD08E9E}
	EndGlobalSection
EndGlobal
